
Microsoft Visual Studio Solution File, Format Version 12.00
# Visual Studio 15
VisualStudioVersion = 15.0.27703.2047
MinimumVisualStudioVersion = 10.0.40219.1
Project("{FAE04EC0-301F-11D3-BF4B-00C04F79EFBC}") = "ConsoleSample6", "ConsoleSample6\ConsoleSample6.csproj", "{913F62D7-43E1-43A1-8434-4680A96B6B4D}"
EndProject
Global
	GlobalSection(SolutionConfigurationPlatforms) = preSolution
		Debug|Any CPU = Debug|Any CPU
		Release|Any CPU = Release|Any CPU
	EndGlobalSection
	GlobalSection(ProjectConfigurationPlatforms) = postSolution
		{913F62D7-43E1-43A1-8434-4680A96B6B4D}.Debug|Any CPU.ActiveCfg = Debug|Any CPU
		{913F62D7-43E1-43A1-8434-4680A96B6B4D}.Debug|Any CPU.Build.0 = Debug|Any CPU
		{913F62D7-43E1-43A1-8434-4680A96B6B4D}.Release|Any CPU.ActiveCfg = Release|Any CPU
		{913F62D7-43E1-43A1-8434-4680A96B6B4D}.Release|Any CPU.Build.0 = Release|Any CPU
	EndGlobalSection
	GlobalSection(SolutionProperties) = preSolution
		HideSolutionNode = FALSE
	EndGlobalSection
	GlobalSection(ExtensibilityGlobals) = postSolution
		SolutionGuid = {D27F454D-BE48-4AED-AD52-8AC574B0B238}
	EndGlobalSection
EndGlobal
