
Microsoft Visual Studio Solution File, Format Version 12.00
# Visual Studio 15
VisualStudioVersion = 15.0.27703.2047
MinimumVisualStudioVersion = 10.0.40219.1
Project("{FAE04EC0-301F-11D3-BF4B-00C04F79EFBC}") = "WindowsFormsSample7", "WindowsFormsSample7\WindowsFormsSample7.csproj", "{8E7006DD-2E62-491B-9DDF-AF83158B20E5}"
EndProject
Global
	GlobalSection(SolutionConfigurationPlatforms) = preSolution
		Debug|Any CPU = Debug|Any CPU
		Release|Any CPU = Release|Any CPU
	EndGlobalSection
	GlobalSection(ProjectConfigurationPlatforms) = postSolution
		{8E7006DD-2E62-491B-9DDF-AF83158B20E5}.Debug|Any CPU.ActiveCfg = Debug|Any CPU
		{8E7006DD-2E62-491B-9DDF-AF83158B20E5}.Debug|Any CPU.Build.0 = Debug|Any CPU
		{8E7006DD-2E62-491B-9DDF-AF83158B20E5}.Release|Any CPU.ActiveCfg = Release|Any CPU
		{8E7006DD-2E62-491B-9DDF-AF83158B20E5}.Release|Any CPU.Build.0 = Release|Any CPU
	EndGlobalSection
	GlobalSection(SolutionProperties) = preSolution
		HideSolutionNode = FALSE
	EndGlobalSection
	GlobalSection(ExtensibilityGlobals) = postSolution
		SolutionGuid = {597F9A58-1921-4170-8F15-B6F53759ECF7}
	EndGlobalSection
EndGlobal
