
Microsoft Visual Studio Solution File, Format Version 12.00
# Visual Studio 2012
Project("{FAE04EC0-301F-11D3-BF4B-00C04F79EFBC}") = "ConsoleSample4", "ConsoleSample4\ConsoleSample4.csproj", "{1829B2A3-1704-4A84-9E5C-80DDA51546DB}"
EndProject
Global
	GlobalSection(SolutionConfigurationPlatforms) = preSolution
		Debug|Any CPU = Debug|Any CPU
		Release|Any CPU = Release|Any CPU
	EndGlobalSection
	GlobalSection(ProjectConfigurationPlatforms) = postSolution
		{1829B2A3-1704-4A84-9E5C-80DDA51546DB}.Debug|Any CPU.ActiveCfg = Debug|Any CPU
		{1829B2A3-1704-4A84-9E5C-80DDA51546DB}.Debug|Any CPU.Build.0 = Debug|Any CPU
		{1829B2A3-1704-4A84-9E5C-80DDA51546DB}.Release|Any CPU.ActiveCfg = Release|Any CPU
		{1829B2A3-1704-4A84-9E5C-80DDA51546DB}.Release|Any CPU.Build.0 = Release|Any CPU
	EndGlobalSection
	GlobalSection(SolutionProperties) = preSolution
		HideSolutionNode = FALSE
	EndGlobalSection
EndGlobal
